
Microsoft Visual Studio Solution File, Format Version 12.00
# Visual Studio Version 16
VisualStudioVersion = 16.0.31729.503
MinimumVisualStudioVersion = 10.0.40219.1
Project("{FAE04EC0-301F-11D3-BF4B-00C04F79EFBC}") = "Web.Gateway.API", "Web.Gateway.API.csproj", "{A5ABBE27-D547-4819-A926-3049A50EE564}"
EndProject
Global
	GlobalSection(SolutionConfigurationPlatforms) = preSolution
		Debug|Any CPU = Debug|Any CPU
		Release|Any CPU = Release|Any CPU
	EndGlobalSection
	GlobalSection(ProjectConfigurationPlatforms) = postSolution
		{A5ABBE27-D547-4819-A926-3049A50EE564}.Debug|Any CPU.ActiveCfg = Debug|Any CPU
		{A5ABBE27-D547-4819-A926-3049A50EE564}.Debug|Any CPU.Build.0 = Debug|Any CPU
		{A5ABBE27-D547-4819-A926-3049A50EE564}.Release|Any CPU.ActiveCfg = Release|Any CPU
		{A5ABBE27-D547-4819-A926-3049A50EE564}.Release|Any CPU.Build.0 = Release|Any CPU
	EndGlobalSection
	GlobalSection(SolutionProperties) = preSolution
		HideSolutionNode = FALSE
	EndGlobalSection
	GlobalSection(ExtensibilityGlobals) = postSolution
		SolutionGuid = {7C70FC4C-5E23-43DD-9A0F-E7BAC20A515B}
	EndGlobalSection
EndGlobal
